
Microsoft Visual Studio Solution File, Format Version 12.00
# Visual Studio Version 17
VisualStudioVersion = 17.4.33122.133
MinimumVisualStudioVersion = 10.0.40219.1
Project("{FAE04EC0-301F-11D3-BF4B-00C04F79EFBC}") = "UC1_JsonInventoryManagement", "UC1_JsonInventoryManagement.csproj", "{6E16AD24-DA07-4CF0-B8C6-3D03696F2EE0}"
EndProject
Global
	GlobalSection(SolutionConfigurationPlatforms) = preSolution
		Debug|Any CPU = Debug|Any CPU
		Release|Any CPU = Release|Any CPU
	EndGlobalSection
	GlobalSection(ProjectConfigurationPlatforms) = postSolution
		{6E16AD24-DA07-4CF0-B8C6-3D03696F2EE0}.Debug|Any CPU.ActiveCfg = Debug|Any CPU
		{6E16AD24-DA07-4CF0-B8C6-3D03696F2EE0}.Debug|Any CPU.Build.0 = Debug|Any CPU
		{6E16AD24-DA07-4CF0-B8C6-3D03696F2EE0}.Release|Any CPU.ActiveCfg = Release|Any CPU
		{6E16AD24-DA07-4CF0-B8C6-3D03696F2EE0}.Release|Any CPU.Build.0 = Release|Any CPU
	EndGlobalSection
	GlobalSection(SolutionProperties) = preSolution
		HideSolutionNode = FALSE
	EndGlobalSection
	GlobalSection(ExtensibilityGlobals) = postSolution
		SolutionGuid = {7F9E896C-5D9B-4CC1-AA1C-452387185E29}
	EndGlobalSection
EndGlobal
